// !$*UTF8*$!
{
	archiveVersion = 1;
	classes = {
	};
	objectVersion = 46;
	objects = {

/* Begin PBXBuildFile section */
		A1E122131E542A3700599474 /* main.m in Sources */ = {isa = PBXBuildFile; fileRef = A1E122121E542A3700599474 /* main.m */; };
		A1E122191E542A3700599474 /* ViewController.m in Sources */ = {isa = PBXBuildFile; fileRef = A1E122181E542A3700599474 /* ViewController.m */; };
		A1E1221C1E542A3700599474 /* Main.storyboard in Resources */ = {isa = PBXBuildFile; fileRef = A1E1221A1E542A3700599474 /* Main.storyboard */; };
		A1E1221E1E542A3700599474 /* Assets.xcassets in Resources */ = {isa = PBXBuildFile; fileRef = A1E1221D1E542A3700599474 /* Assets.xcassets */; };
		A1E122211E542A3700599474 /* LaunchScreen.storyboard in Resources */ = {isa = PBXBuildFile; fileRef = A1E1221F1E542A3700599474 /* LaunchScreen.storyboard */; };
		A1E1222F1E542B0E00599474 /* AppDelegate.m in Sources */ = {isa = PBXBuildFile; fileRef = A1E1222E1E542B0E00599474 /* AppDelegate.m */; };
/* End PBXBuildFile section */

/* Begin PBXFileReference section */
		A1E1220E1E542A3700599474 /* Dilidili.app */ = {isa = PBXFileReference; explicitFileType = wrapper.application; includeInIndex = 0; path = Dilidili.app; sourceTree = BUILT_PRODUCTS_DIR; };
		A1E122121E542A3700599474 /* main.m */ = {isa = PBXFileReference; lastKnownFileType = sourcecode.c.objc; path = main.m; sourceTree = "<group>"; };
		A1E122171E542A3700599474 /* ViewController.h */ = {isa = PBXFileReference; lastKnownFileType = sourcecode.c.h; path = ViewController.h; sourceTree = "<group>"; };
		A1E122181E542A3700599474 /* ViewController.m */ = {isa = PBXFileReference; lastKnownFileType = sourcecode.c.objc; path = ViewController.m; sourceTree = "<group>"; };
		A1E1221B1E542A3700599474 /* Base */ = {isa = PBXFileReference; lastKnownFileType = file.storyboard; name = Base; path = Base.lproj/Main.storyboard; sourceTree = "<group>"; };
		A1E1221D1E542A3700599474 /* Assets.xcassets */ = {isa = PBXFileReference; lastKnownFileType = folder.assetcatalog; name = Assets.xcassets; path = ../../Assets.xcassets; sourceTree = "<group>"; };
		A1E122201E542A3700599474 /* Base */ = {isa = PBXFileReference; lastKnownFileType = file.storyboard; name = Base; path = Base.lproj/LaunchScreen.storyboard; sourceTree = "<group>"; };
		A1E122221E542A3700599474 /* Info.plist */ = {isa = PBXFileReference; lastKnownFileType = text.plist.xml; path = Info.plist; sourceTree = "<group>"; };
		A1E1222D1E542B0E00599474 /* AppDelegate.h */ = {isa = PBXFileReference; fileEncoding = 4; lastKnownFileType = sourcecode.c.h; path = AppDelegate.h; sourceTree = "<group>"; };
		A1E1222E1E542B0E00599474 /* AppDelegate.m */ = {isa = PBXFileReference; fileEncoding = 4; lastKnownFileType = sourcecode.c.objc; path = AppDelegate.m; sourceTree = "<group>"; };
		A1E122311E542BC200599474 /* PrefixHeader.pch */ = {isa = PBXFileReference; lastKnownFileType = sourcecode.c.h; path = PrefixHeader.pch; sourceTree = "<group>"; };
/* End PBXFileReference section */

/* Begin PBXFrameworksBuildPhase section */
		A1E1220B1E542A3700599474 /* Frameworks */ = {
			isa = PBXFrameworksBuildPhase;
			buildActionMask = 2147483647;
			files = (
			);
			runOnlyForDeploymentPostprocessing = 0;
		};
/* End PBXFrameworksBuildPhase section */

/* Begin PBXGroup section */
		A1E122051E542A3700599474 = {
			isa = PBXGroup;
			children = (
				A1E122101E542A3700599474 /* Dilidili */,
				A1E1220F1E542A3700599474 /* Products */,
			);
			sourceTree = "<group>";
		};
		A1E1220F1E542A3700599474 /* Products */ = {
			isa = PBXGroup;
			children = (
				A1E1220E1E542A3700599474 /* Dilidili.app */,
			);
			name = Products;
			sourceTree = "<group>";
		};
		A1E122101E542A3700599474 /* Dilidili */ = {
			isa = PBXGroup;
			children = (
				A1E1222C1E542B0E00599474 /* Main */,
				A1E122281E542B0500599474 /* Source */,
				A1E122171E542A3700599474 /* ViewController.h */,
				A1E122181E542A3700599474 /* ViewController.m */,
				A1E122221E542A3700599474 /* Info.plist */,
				A1E122111E542A3700599474 /* Supporting Files */,
			);
			path = Dilidili;
			sourceTree = "<group>";
		};
		A1E122111E542A3700599474 /* Supporting Files */ = {
			isa = PBXGroup;
			children = (
				A1E122121E542A3700599474 /* main.m */,
			);
			name = "Supporting Files";
			sourceTree = "<group>";
		};
		A1E122281E542B0500599474 /* Source */ = {
			isa = PBXGroup;
			children = (
				A1E122301E542B7800599474 /* Resource(资源) */,
				A1E122291E542B0500599474 /* Classes */,
				A1E1222A1E542B0500599474 /* General(通用类) */,
				A1E1222B1E542B0500599474 /* Lib */,
			);
			path = Source;
			sourceTree = "<group>";
		};
		A1E122291E542B0500599474 /* Classes */ = {
			isa = PBXGroup;
			children = (
			);
			path = Classes;
			sourceTree = "<group>";
		};
		A1E1222A1E542B0500599474 /* General(通用类) */ = {
			isa = PBXGroup;
			children = (
				A1E122311E542BC200599474 /* PrefixHeader.pch */,
			);
			path = "General(通用类)";
			sourceTree = "<group>";
		};
		A1E1222B1E542B0500599474 /* Lib */ = {
			isa = PBXGroup;
			children = (
			);
			path = Lib;
			sourceTree = "<group>";
		};
		A1E1222C1E542B0E00599474 /* Main */ = {
			isa = PBXGroup;
			children = (
				A1E1222D1E542B0E00599474 /* AppDelegate.h */,
				A1E1222E1E542B0E00599474 /* AppDelegate.m */,
			);
			path = Main;
			sourceTree = "<group>";
		};
		A1E122301E542B7800599474 /* Resource(资源) */ = {
			isa = PBXGroup;
			children = (
				A1E1221A1E542A3700599474 /* Main.storyboard */,
				A1E1221F1E542A3700599474 /* LaunchScreen.storyboard */,
				A1E1221D1E542A3700599474 /* Assets.xcassets */,
			);
			path = "Resource(资源)";
			sourceTree = "<group>";
		};
/* End PBXGroup section */

/* Begin PBXNativeTarget section */
		A1E1220D1E542A3700599474 /* Dilidili */ = {
			isa = PBXNativeTarget;
			buildConfigurationList = A1E122251E542A3700599474 /* Build configuration list for PBXNativeTarget "Dilidili" */;
			buildPhases = (
				A1E1220A1E542A3700599474 /* Sources */,
				A1E1220B1E542A3700599474 /* Frameworks */,
				A1E1220C1E542A3700599474 /* Resources */,
			);
			buildRules = (
			);
			dependencies = (
			);
			name = Dilidili;
			productName = Dilidili;
			productReference = A1E1220E1E542A3700599474 /* Dilidili.app */;
			productType = "com.apple.product-type.application";
		};
/* End PBXNativeTarget section */

/* Begin PBXProject section */
		A1E122061E542A3700599474 /* Project object */ = {
			isa = PBXProject;
			attributes = {
				LastUpgradeCheck = 0730;
				ORGANIZATIONNAME = LightReason;
				TargetAttributes = {
					A1E1220D1E542A3700599474 = {
						CreatedOnToolsVersion = 7.3.1;
					};
				};
			};
			buildConfigurationList = A1E122091E542A3700599474 /* Build configuration list for PBXProject "Dilidili" */;
			compatibilityVersion = "Xcode 3.2";
			developmentRegion = English;
			hasScannedForEncodings = 0;
			knownRegions = (
				en,
				Base,
			);
			mainGroup = A1E122051E542A3700599474;
			productRefGroup = A1E1220F1E542A3700599474 /* Products */;
			projectDirPath = "";
			projectRoot = "";
			targets = (
				A1E1220D1E542A3700599474 /* Dilidili */,
			);
		};
/* End PBXProject section */

/* Begin PBXResourcesBuildPhase section */
		A1E1220C1E542A3700599474 /* Resources */ = {
			isa = PBXResourcesBuildPhase;
			buildActionMask = 2147483647;
			files = (
				A1E122211E542A3700599474 /* LaunchScreen.storyboard in Resources */,
				A1E1221E1E542A3700599474 /* Assets.xcassets in Resources */,
				A1E1221C1E542A3700599474 /* Main.storyboard in Resources */,
			);
			runOnlyForDeploymentPostprocessing = 0;
		};
/* End PBXResourcesBuildPhase section */

/* Begin PBXSourcesBuildPhase section */
		A1E1220A1E542A3700599474 /* Sources */ = {
			isa = PBXSourcesBuildPhase;
			buildActionMask = 2147483647;
			files = (
				A1E1222F1E542B0E00599474 /* AppDelegate.m in Sources */,
				A1E122191E542A3700599474 /* ViewController.m in Sources */,
				A1E122131E542A3700599474 /* main.m in Sources */,
			);
			runOnlyForDeploymentPostprocessing = 0;
		};
/* End PBXSourcesBuildPhase section */

/* Begin PBXVariantGroup section */
		A1E1221A1E542A3700599474 /* Main.storyboard */ = {
			isa = PBXVariantGroup;
			children = (
				A1E1221B1E542A3700599474 /* Base */,
			);
			name = Main.storyboard;
			path = ../..;
			sourceTree = "<group>";
		};
		A1E1221F1E542A3700599474 /* LaunchScreen.storyboard */ = {
			isa = PBXVariantGroup;
			children = (
				A1E122201E542A3700599474 /* Base */,
			);
			name = LaunchScreen.storyboard;
			path = ../..;
			sourceTree = "<group>";
		};
/* End PBXVariantGroup section */

/* Begin XCBuildConfiguration section */
		A1E122231E542A3700599474 /* Debug */ = {
			isa = XCBuildConfiguration;
			buildSettings = {
				ALWAYS_SEARCH_USER_PATHS = NO;
				CLANG_ANALYZER_NONNULL = YES;
				CLANG_CXX_LANGUAGE_STANDARD = "gnu++0x";
				CLANG_CXX_LIBRARY = "libc++";
				CLANG_ENABLE_MODULES = YES;
				CLANG_ENABLE_OBJC_ARC = YES;
				CLANG_WARN_BOOL_CONVERSION = YES;
				CLANG_WARN_CONSTANT_CONVERSION = YES;
				CLANG_WARN_DIRECT_OBJC_ISA_USAGE = YES_ERROR;
				CLANG_WARN_EMPTY_BODY = YES;
				CLANG_WARN_ENUM_CONVERSION = YES;
				CLANG_WARN_INT_CONVERSION = YES;
				CLANG_WARN_OBJC_ROOT_CLASS = YES_ERROR;
				CLANG_WARN_UNREACHABLE_CODE = YES;
				CLANG_WARN__DUPLICATE_METHOD_MATCH = YES;
				"CODE_SIGN_IDENTITY[sdk=iphoneos*]" = "iPhone Developer";
				COPY_PHASE_STRIP = NO;
				DEBUG_INFORMATION_FORMAT = dwarf;
				ENABLE_STRICT_OBJC_MSGSEND = YES;
				ENABLE_TESTABILITY = YES;
				GCC_C_LANGUAGE_STANDARD = gnu99;
				GCC_DYNAMIC_NO_PIC = NO;
				GCC_NO_COMMON_BLOCKS = YES;
				GCC_OPTIMIZATION_LEVEL = 0;
				GCC_PREPROCESSOR_DEFINITIONS = (
					"DEBUG=1",
					"$(inherited)",
				);
				GCC_WARN_64_TO_32_BIT_CONVERSION = YES;
				GCC_WARN_ABOUT_RETURN_TYPE = YES_ERROR;
				GCC_WARN_UNDECLARED_SELECTOR = YES;
				GCC_WARN_UNINITIALIZED_AUTOS = YES_AGGRESSIVE;
				GCC_WARN_UNUSED_FUNCTION = YES;
				GCC_WARN_UNUSED_VARIABLE = YES;
				IPHONEOS_DEPLOYMENT_TARGET = 9.3;
				MTL_ENABLE_DEBUG_INFO = YES;
				ONLY_ACTIVE_ARCH = YES;
				SDKROOT = iphoneos;
				TARGETED_DEVICE_FAMILY = "1,2";
			};
			name = Debug;
		};
		A1E122241E542A3700599474 /* Release */ = {
			isa = XCBuildConfiguration;
			buildSettings = {
				ALWAYS_SEARCH_USER_PATHS = NO;
				CLANG_ANALYZER_NONNULL = YES;
				CLANG_CXX_LANGUAGE_STANDARD = "gnu++0x";
				CLANG_CXX_LIBRARY = "libc++";
				CLANG_ENABLE_MODULES = YES;
				CLANG_ENABLE_OBJC_ARC = YES;
				CLANG_WARN_BOOL_CONVERSION = YES;
				CLANG_WARN_CONSTANT_CONVERSION = YES;
				CLANG_WARN_DIRECT_OBJC_ISA_USAGE = YES_ERROR;
				CLANG_WARN_EMPTY_BODY = YES;
				CLANG_WARN_ENUM_CONVERSION = YES;
				CLANG_WARN_INT_CONVERSION = YES;
				CLANG_WARN_OBJC_ROOT_CLASS = YES_ERROR;
				CLANG_WARN_UNREACHABLE_CODE = YES;
				CLANG_WARN__DUPLICATE_METHOD_MATCH = YES;
				"CODE_SIGN_IDENTITY[sdk=iphoneos*]" = "iPhone Developer";
				COPY_PHASE_STRIP = NO;
				DEBUG_INFORMATION_FORMAT = "dwarf-with-dsym";
				ENABLE_NS_ASSERTIONS = NO;
				ENABLE_STRICT_OBJC_MSGSEND = YES;
				GCC_C_LANGUAGE_STANDARD = gnu99;
				GCC_NO_COMMON_BLOCKS = YES;
				GCC_WARN_64_TO_32_BIT_CONVERSION = YES;
				GCC_WARN_ABOUT_RETURN_TYPE = YES_ERROR;
				GCC_WARN_UNDECLARED_SELECTOR = YES;
				GCC_WARN_UNINITIALIZED_AUTOS = YES_AGGRESSIVE;
				GCC_WARN_UNUSED_FUNCTION = YES;
				GCC_WARN_UNUSED_VARIABLE = YES;
				IPHONEOS_DEPLOYMENT_TARGET = 9.3;
				MTL_ENABLE_DEBUG_INFO = NO;
				SDKROOT = iphoneos;
				TARGETED_DEVICE_FAMILY = "1,2";
				VALIDATE_PRODUCT = YES;
			};
			name = Release;
		};
		A1E122261E542A3700599474 /* Debug */ = {
			isa = XCBuildConfiguration;
			buildSettings = {
				ASSETCATALOG_COMPILER_APPICON_NAME = AppIcon;
				GCC_PREFIX_HEADER = "$(SRCROOT)/Dilidili/Source/General(通用类)/PrefixHeader.pch";
				INFOPLIST_FILE = Dilidili/Info.plist;
				LD_RUNPATH_SEARCH_PATHS = "$(inherited) @executable_path/Frameworks";
				PRODUCT_BUNDLE_IDENTIFIER = com.LightReason.Dilidili;
				PRODUCT_NAME = "$(TARGET_NAME)";
			};
			name = Debug;
		};
		A1E122271E542A3700599474 /* Release */ = {
			isa = XCBuildConfiguration;
			buildSettings = {
				ASSETCATALOG_COMPILER_APPICON_NAME = AppIcon;
				GCC_PREFIX_HEADER = "$(SRCROOT)/Dilidili/Source/General(通用类)/PrefixHeader.pch";
				INFOPLIST_FILE = Dilidili/Info.plist;
				LD_RUNPATH_SEARCH_PATHS = "$(inherited) @executable_path/Frameworks";
				PRODUCT_BUNDLE_IDENTIFIER = com.LightReason.Dilidili;
				PRODUCT_NAME = "$(TARGET_NAME)";
			};
			name = Release;
		};
/* End XCBuildConfiguration section */

/* Begin XCConfigurationList section */
		A1E122091E542A3700599474 /* Build configuration list for PBXProject "Dilidili" */ = {
			isa = XCConfigurationList;
			buildConfigurations = (
				A1E122231E542A3700599474 /* Debug */,
				A1E122241E542A3700599474 /* Release */,
			);
			defaultConfigurationIsVisible = 0;
			defaultConfigurationName = Release;
		};
		A1E122251E542A3700599474 /* Build configuration list for PBXNativeTarget "Dilidili" */ = {
			isa = XCConfigurationList;
			buildConfigurations = (
				A1E122261E542A3700599474 /* Debug */,
				A1E122271E542A3700599474 /* Release */,
			);
			defaultConfigurationIsVisible = 0;
		};
/* End XCConfigurationList section */
	};
	rootObject = A1E122061E542A3700599474 /* Project object */;
}
